
Microsoft Visual Studio Solution File, Format Version 12.00
# Visual Studio Version 17
VisualStudioVersion = 17.13.35919.96
MinimumVisualStudioVersion = 10.0.40219.1
Project("{FAE04EC0-301F-11D3-BF4B-00C04F79EFBC}") = "HackerNewsBestStoriesApi", "HackerNewsBestStoriesApi\HackerNewsBestStoriesApi.csproj", "{43D516B9-89D9-86F3-8A1E-F9CC066C6231}"
EndProject
Project("{FAE04EC0-301F-11D3-BF4B-00C04F79EFBC}") = "HackerNewsBestStoriesApi.Tests", "HackerNewsBestStoriesApi.Tests\HackerNewsBestStoriesApi.Tests.csproj", "{06A23A46-13AD-1FAB-67B5-25894A1C7653}"
EndProject
Global
	GlobalSection(SolutionConfigurationPlatforms) = preSolution
		Debug|Any CPU = Debug|Any CPU
		Release|Any CPU = Release|Any CPU
	EndGlobalSection
	GlobalSection(ProjectConfigurationPlatforms) = postSolution
		{43D516B9-89D9-86F3-8A1E-F9CC066C6231}.Debug|Any CPU.ActiveCfg = Debug|Any CPU
		{43D516B9-89D9-86F3-8A1E-F9CC066C6231}.Debug|Any CPU.Build.0 = Debug|Any CPU
		{43D516B9-89D9-86F3-8A1E-F9CC066C6231}.Release|Any CPU.ActiveCfg = Release|Any CPU
		{43D516B9-89D9-86F3-8A1E-F9CC066C6231}.Release|Any CPU.Build.0 = Release|Any CPU
		{06A23A46-13AD-1FAB-67B5-25894A1C7653}.Debug|Any CPU.ActiveCfg = Debug|Any CPU
		{06A23A46-13AD-1FAB-67B5-25894A1C7653}.Debug|Any CPU.Build.0 = Debug|Any CPU
		{06A23A46-13AD-1FAB-67B5-25894A1C7653}.Release|Any CPU.ActiveCfg = Release|Any CPU
		{06A23A46-13AD-1FAB-67B5-25894A1C7653}.Release|Any CPU.Build.0 = Release|Any CPU
	EndGlobalSection
	GlobalSection(SolutionProperties) = preSolution
		HideSolutionNode = FALSE
	EndGlobalSection
	GlobalSection(ExtensibilityGlobals) = postSolution
		SolutionGuid = {FDBB9FD8-0A50-4AB2-8EC4-91176707820B}
	EndGlobalSection
EndGlobal
